
Microsoft Visual Studio Solution File, Format Version 12.00
# Visual Studio Version 16
VisualStudioVersion = 16.0.34031.81
MinimumVisualStudioVersion = 10.0.40219.1
Project("{FAE04EC0-301F-11D3-BF4B-00C04F79EFBC}") = "WebProyecto", "WebProyecto.csproj", "{8970DBBE-4842-4EA3-832C-B25D2D4CCCC2}"
EndProject
Global
	GlobalSection(SolutionConfigurationPlatforms) = preSolution
		Debug|Any CPU = Debug|Any CPU
		Release|Any CPU = Release|Any CPU
	EndGlobalSection
	GlobalSection(ProjectConfigurationPlatforms) = postSolution
		{8970DBBE-4842-4EA3-832C-B25D2D4CCCC2}.Debug|Any CPU.ActiveCfg = Debug|Any CPU
		{8970DBBE-4842-4EA3-832C-B25D2D4CCCC2}.Debug|Any CPU.Build.0 = Debug|Any CPU
		{8970DBBE-4842-4EA3-832C-B25D2D4CCCC2}.Release|Any CPU.ActiveCfg = Release|Any CPU
		{8970DBBE-4842-4EA3-832C-B25D2D4CCCC2}.Release|Any CPU.Build.0 = Release|Any CPU
	EndGlobalSection
	GlobalSection(SolutionProperties) = preSolution
		HideSolutionNode = FALSE
	EndGlobalSection
	GlobalSection(ExtensibilityGlobals) = postSolution
		SolutionGuid = {CDCA27FB-FB9C-4706-9509-E9E48BB50B6F}
	EndGlobalSection
EndGlobal
